
Microsoft Visual Studio Solution File, Format Version 12.00
# Visual Studio Version 17
VisualStudioVersion = 17.6.33815.320
MinimumVisualStudioVersion = 10.0.40219.1
Project("{FAE04EC0-301F-11D3-BF4B-00C04F79EFBC}") = "ANKSuperMarket", "ANKSuperMarket\ANKSuperMarket.csproj", "{DE6FF1E3-E195-4FD4-ACE2-4A370E63B541}"
EndProject
Global
	GlobalSection(SolutionConfigurationPlatforms) = preSolution
		Debug|Any CPU = Debug|Any CPU
		Release|Any CPU = Release|Any CPU
	EndGlobalSection
	GlobalSection(ProjectConfigurationPlatforms) = postSolution
		{DE6FF1E3-E195-4FD4-ACE2-4A370E63B541}.Debug|Any CPU.ActiveCfg = Debug|Any CPU
		{DE6FF1E3-E195-4FD4-ACE2-4A370E63B541}.Debug|Any CPU.Build.0 = Debug|Any CPU
		{DE6FF1E3-E195-4FD4-ACE2-4A370E63B541}.Release|Any CPU.ActiveCfg = Release|Any CPU
		{DE6FF1E3-E195-4FD4-ACE2-4A370E63B541}.Release|Any CPU.Build.0 = Release|Any CPU
	EndGlobalSection
	GlobalSection(SolutionProperties) = preSolution
		HideSolutionNode = FALSE
	EndGlobalSection
	GlobalSection(ExtensibilityGlobals) = postSolution
		SolutionGuid = {9E0BCFE9-697C-4BA6-B3C8-9D2CC154F78D}
	EndGlobalSection
EndGlobal
